
Microsoft Visual Studio Solution File, Format Version 12.00
# Visual Studio Version 16
VisualStudioVersion = 16.0.30523.141
MinimumVisualStudioVersion = 10.0.40219.1
Project("{FAE04EC0-301F-11D3-BF4B-00C04F79EFBC}") = "TipCalculator", "TipCalculator\TipCalculator.csproj", "{ADEA3B27-D29D-41B6-83C6-D7C53A5EFB55}"
EndProject
Global
	GlobalSection(SolutionConfigurationPlatforms) = preSolution
		Debug|Any CPU = Debug|Any CPU
		Release|Any CPU = Release|Any CPU
	EndGlobalSection
	GlobalSection(ProjectConfigurationPlatforms) = postSolution
		{ADEA3B27-D29D-41B6-83C6-D7C53A5EFB55}.Debug|Any CPU.ActiveCfg = Debug|Any CPU
		{ADEA3B27-D29D-41B6-83C6-D7C53A5EFB55}.Debug|Any CPU.Build.0 = Debug|Any CPU
		{ADEA3B27-D29D-41B6-83C6-D7C53A5EFB55}.Debug|Any CPU.Deploy.0 = Debug|Any CPU
		{ADEA3B27-D29D-41B6-83C6-D7C53A5EFB55}.Release|Any CPU.ActiveCfg = Release|Any CPU
		{ADEA3B27-D29D-41B6-83C6-D7C53A5EFB55}.Release|Any CPU.Build.0 = Release|Any CPU
		{ADEA3B27-D29D-41B6-83C6-D7C53A5EFB55}.Release|Any CPU.Deploy.0 = Release|Any CPU
	EndGlobalSection
	GlobalSection(SolutionProperties) = preSolution
		HideSolutionNode = FALSE
	EndGlobalSection
	GlobalSection(ExtensibilityGlobals) = postSolution
		SolutionGuid = {1D89F0D3-344E-4475-8CF3-504C5D113821}
	EndGlobalSection
EndGlobal
